
Microsoft Visual Studio Solution File, Format Version 12.00
# Visual Studio 15
VisualStudioVersion = 15.0.28307.489
MinimumVisualStudioVersion = 10.0.40219.1
Project("{FAE04EC0-301F-11D3-BF4B-00C04F79EFBC}") = "ConsoleApp1", "ConsoleApp1\ConsoleApp1.csproj", "{24D4EA73-928C-4A9C-893B-C7CC71A707EE}"
EndProject
Global
	GlobalSection(SolutionConfigurationPlatforms) = preSolution
		Debug|Any CPU = Debug|Any CPU
		Release|Any CPU = Release|Any CPU
	EndGlobalSection
	GlobalSection(ProjectConfigurationPlatforms) = postSolution
		{24D4EA73-928C-4A9C-893B-C7CC71A707EE}.Debug|Any CPU.ActiveCfg = Debug|Any CPU
		{24D4EA73-928C-4A9C-893B-C7CC71A707EE}.Debug|Any CPU.Build.0 = Debug|Any CPU
		{24D4EA73-928C-4A9C-893B-C7CC71A707EE}.Release|Any CPU.ActiveCfg = Release|Any CPU
		{24D4EA73-928C-4A9C-893B-C7CC71A707EE}.Release|Any CPU.Build.0 = Release|Any CPU
	EndGlobalSection
	GlobalSection(SolutionProperties) = preSolution
		HideSolutionNode = FALSE
	EndGlobalSection
	GlobalSection(ExtensibilityGlobals) = postSolution
		SolutionGuid = {B539388D-172F-4633-9E02-0F3DB936B07C}
	EndGlobalSection
EndGlobal
